<?xml version="1.0" encoding="UTF-8" standalone="yes" ?>
<CodeBlocks_project_file>
	<FileVersion major="1" minor="6" />
	<Project>
		<Option title="Mobilita_K01_11" />
		<Option pch_mode="2" />
		<Option compiler="gcc" />
		<Build>
			<Target title="Debug">
				<Option output="bin/Debug/Mobilita_K01_11" prefix_auto="1" extension_auto="1" />
				<Option object_output="obj/Debug/" />
				<Option type="1" />
				<Option compiler="gcc" />
				<Compiler>
					<Add option="-g" />
				</Compiler>
			</Target>
			<Target title="Release">
				<Option output="bin/Release/Mobilita_K01_11" prefix_auto="1" extension_auto="1" />
				<Option object_output="obj/Release/" />
				<Option type="1" />
				<Option compiler="gcc" />
				<Compiler>
					<Add option="-O2" />
				</Compiler>
				<Linker>
					<Add option="-s" />
				</Linker>
			</Target>
		</Build>
		<Compiler>
			<Add option="-Wall" />
		</Compiler>
		<Unit filename="charmachine.c">
			<Option compilerVar="CC" />
		</Unit>
		<Unit filename="charmachine.h" />
		<Unit filename="list_linked.c">
			<Option compilerVar="CC" />
		</Unit>
		<Unit filename="list_linked.h" />
		<Unit filename="listdin.c">
			<Option compilerVar="CC" />
		</Unit>
		<Unit filename="listdin.h" />
		<Unit filename="main.c">
			<Option compilerVar="CC" />
		</Unit>
		<Unit filename="map.c">
			<Option compilerVar="CC" />
		</Unit>
		<Unit filename="map.h" />
		<Unit filename="matrix.c">
			<Option compilerVar="CC" />
		</Unit>
		<Unit filename="matrix.h" />
		<Unit filename="move.c">
			<Option compilerVar="CC" />
		</Unit>
		<Unit filename="move.h" />
		<Unit filename="node.c">
			<Option compilerVar="CC" />
		</Unit>
		<Unit filename="node.h" />
		<Unit filename="orderItems.c">
			<Option compilerVar="CC" />
		</Unit>
		<Unit filename="orderItems.h" />
		<Unit filename="pcolor.c">
			<Option compilerVar="CC" />
		</Unit>
		<Unit filename="pcolor.h" />
		<Unit filename="point.c">
			<Option compilerVar="CC" />
		</Unit>
		<Unit filename="point.h" />
		<Unit filename="prioqueue.c">
			<Option compilerVar="CC" />
		</Unit>
		<Unit filename="prioqueue.h" />
		<Unit filename="stack.c">
			<Option compilerVar="CC" />
		</Unit>
		<Unit filename="stack.h" />
		<Unit filename="start_game.c">
			<Option compilerVar="CC" />
		</Unit>
		<Unit filename="start_game.h" />
		<Unit filename="wordmachine.c">
			<Option compilerVar="CC" />
		</Unit>
		<Unit filename="wordmachine.h" />
		<Extensions>
			<lib_finder disable_auto="1" />
		</Extensions>
	</Project>
</CodeBlocks_project_file>
