<?xml version="1.0" encoding="UTF-8" standalone="yes" ?>
<CodeBlocks_project_file>
	<FileVersion major="1" minor="6" />
	<Project>
		<Option title="Mobilita_K01_11" />
		<Option pch_mode="2" />
		<Option compiler="gcc" />
		<Build>
			<Target title="Debug">
				<Option output="bin/Debug/Mobilita_K01_11" prefix_auto="1" extension_auto="1" />
				<Option object_output="obj/Debug/" />
				<Option type="1" />
				<Option compiler="gcc" />
				<Compiler>
					<Add option="-g" />
				</Compiler>
			</Target>
			<Target title="Release">
				<Option output="bin/Release/Mobilita_K01_11" prefix_auto="1" extension_auto="1" />
				<Option object_output="obj/Release/" />
				<Option type="1" />
				<Option compiler="gcc" />
				<Compiler>
					<Add option="-O2" />
				</Compiler>
				<Linker>
					<Add option="-s" />
				</Linker>
			</Target>
		</Build>
		<Compiler>
			<Add option="-Wall" />
		</Compiler>
		<Unit filename="Gadget/gadget.c">
			<Option compilerVar="CC" />
		</Unit>
		<Unit filename="Gadget/gadget.h" />
		<Unit filename="Item/orderItems.c">
			<Option compilerVar="CC" />
		</Unit>
		<Unit filename="Item/orderItems.h" />
		<Unit filename="Item/prioqueue.c">
			<Option compilerVar="CC" />
		</Unit>
		<Unit filename="Item/prioqueue.h" />
		<Unit filename="Item/stack.c">
			<Option compilerVar="CC" />
		</Unit>
		<Unit filename="Item/stack.h" />
		<Unit filename="List/list_linked.c">
			<Option compilerVar="CC" />
		</Unit>
		<Unit filename="List/list_linked.h" />
		<Unit filename="List/listdin.c">
			<Option compilerVar="CC" />
		</Unit>
		<Unit filename="List/listdin.h" />
		<Unit filename="List/listpos.c">
			<Option compilerVar="CC" />
		</Unit>
		<Unit filename="List/listpos.h" />
		<Unit filename="List/node.c">
			<Option compilerVar="CC" />
		</Unit>
		<Unit filename="List/node.h" />
		<Unit filename="Load/charmachine.c">
			<Option compilerVar="CC" />
		</Unit>
		<Unit filename="Load/charmachine.h" />
		<Unit filename="Load/start_game.c">
			<Option compilerVar="CC" />
		</Unit>
		<Unit filename="Load/start_game.h" />
		<Unit filename="Load/wordmachine.c">
			<Option compilerVar="CC" />
		</Unit>
		<Unit filename="Load/wordmachine.h" />
		<Unit filename="Map/map.c">
			<Option compilerVar="CC" />
		</Unit>
		<Unit filename="Map/map.h" />
		<Unit filename="Map/matrix.c">
			<Option compilerVar="CC" />
		</Unit>
		<Unit filename="Map/matrix.h" />
		<Unit filename="Map/move.c">
			<Option compilerVar="CC" />
		</Unit>
		<Unit filename="Map/move.h" />
		<Unit filename="Map/pcolor.c">
			<Option compilerVar="CC" />
		</Unit>
		<Unit filename="Map/pcolor.h" />
		<Unit filename="Map/point.c">
			<Option compilerVar="CC" />
		</Unit>
		<Unit filename="Map/point.h" />
		<Unit filename="boolean.h" />
		<Unit filename="main.c">
			<Option compilerVar="CC" />
		</Unit>
		<Extensions>
			<lib_finder disable_auto="1" />
		</Extensions>
	</Project>
</CodeBlocks_project_file>
